<Solution>
  <Project Path="ErrorValues.Analyzers.Test/ErrorValues.Analyzers.Test.csproj" />
  <Project Path="ErrorValues.Analyzers/ErrorValues.Analyzers.csproj" />
  <Project Path="ErrorValues.CodeFixes.Test/ErrorValues.CodeFixes.Test.csproj" />
  <Project Path="ErrorValues.CodeFixes/ErrorValues.CodeFixes.csproj" />
  <Project Path="ErrorValues.Generators.Test/ErrorValues.Generators.Test.csproj" />
  <Project Path="ErrorValues.Generators/ErrorValues.Generators.csproj" />
  <Project Path="ErrorValues.Library/ErrorValues.Library.csproj" />
  <Project Path="ErrorValues.Package/ErrorValues.Package.csproj" />
  <Project Path="ErrorValues.ScratchSpace/ErrorValues.ScratchSpace.csproj" />
  <Project Path="ErrorValues.Workspaces/ErrorValues.Workspaces.csproj" />
</Solution>
